# THIS IS AN AUTOGENERATED FILE. DO NOT EDIT THIS FILE DIRECTLY.
# yarn lockfile v1


"@babel/code-frame@^7.0.0":
  version "7.5.5"
  resolved "https://registry.npm.taobao.org/@babel/code-frame/download/@babel/code-frame-7.5.5.tgz?cache=0&sync_timestamp=1572589458285&other_urls=https%3A%2F%2Fregistry.npm.taobao.org%2F%40babel%2Fcode-frame%2Fdownload%2F%40babel%2Fcode-frame-7.5.5.tgz#bc0782f6d69f7b7d49531219699b988f669a8f9d"
  dependencies:
    "@babel/highlight" "^7.0.0"

"@babel/highlight@^7.0.0":
  version "7.5.0"
  resolved "https://registry.npm.taobao.org/@babel/highlight/download/@babel/highlight-7.5.0.tgz#56d11312bd9248fa619591d02472be6e8cb32540"
  dependencies:
    chalk "^2.0.0"
    esutils "^2.0.2"
    js-tokens "^4.0.0"

"@types/estree@*":
  version "0.0.39"
  resolved "https://registry.npm.taobao.org/@types/estree/download/@types/estree-0.0.39.tgz#e177e699ee1b8c22d23174caaa7422644389509f"

"@types/node@*":
  version "12.12.7"
  resolved "https://registry.npm.taobao.org/@types/node/download/@types/node-12.12.7.tgz#01e4ea724d9e3bd50d90c11fd5980ba317d8fa11"

acorn-dynamic-import@^4.0.0:
  version "4.0.0"
  resolved "https://registry.npm.taobao.org/acorn-dynamic-import/download/acorn-dynamic-import-4.0.0.tgz#482210140582a36b83c3e342e1cfebcaa9240948"

acorn-jsx@^5.0.1, acorn-jsx@^5.1.0:
  version "5.1.0"
  resolved "https://registry.npm.taobao.org/acorn-jsx/download/acorn-jsx-5.1.0.tgz#294adb71b57398b0680015f0a38c563ee1db5384"

acorn@^6.1.1:
  version "6.3.0"
  resolved "https://registry.npm.taobao.org/acorn/download/acorn-6.3.0.tgz#0087509119ffa4fc0a0041d1e93a417e68cb856e"

acorn@^7.1.0:
  version "7.1.0"
  resolved "https://registry.npm.taobao.org/acorn/download/acorn-7.1.0.tgz#949d36f2c292535da602283586c2477c57eb2d6c"

ajv@^6.10.0, ajv@^6.10.2:
  version "6.10.2"
  resolved "https://registry.npm.taobao.org/ajv/download/ajv-6.10.2.tgz#d3cea04d6b017b2894ad69040fec8b623eb4bd52"
  dependencies:
    fast-deep-equal "^2.0.1"
    fast-json-stable-stringify "^2.0.0"
    json-schema-traverse "^0.4.1"
    uri-js "^4.2.2"

ansi-escapes@^4.2.1:
  version "4.2.1"
  resolved "https://registry.npm.taobao.org/ansi-escapes/download/ansi-escapes-4.2.1.tgz?cache=0&sync_timestamp=1572589519924&other_urls=https%3A%2F%2Fregistry.npm.taobao.org%2Fansi-escapes%2Fdownload%2Fansi-escapes-4.2.1.tgz#4dccdb846c3eee10f6d64dea66273eab90c37228"
  dependencies:
    type-fest "^0.5.2"

ansi-regex@^4.1.0:
  version "4.1.0"
  resolved "https://registry.npm.taobao.org/ansi-regex/download/ansi-regex-4.1.0.tgz#8b9f8f08cf1acb843756a839ca8c7e3168c51997"

ansi-regex@^5.0.0:
  version "5.0.0"
  resolved "https://registry.npm.taobao.org/ansi-regex/download/ansi-regex-5.0.0.tgz#388539f55179bf39339c81af30a654d69f87cb75"

ansi-styles@^3.2.0, ansi-styles@^3.2.1:
  version "3.2.1"
  resolved "https://registry.npm.taobao.org/ansi-styles/download/ansi-styles-3.2.1.tgz#41fbb20243e50b12be0f04b8dedbf07520ce841d"
  dependencies:
    color-convert "^1.9.0"

argparse@^1.0.7:
  version "1.0.10"
  resolved "https://registry.npm.taobao.org/argparse/download/argparse-1.0.10.tgz#bcd6791ea5ae09725e17e5ad988134cd40b3d911"
  dependencies:
    sprintf-js "~1.0.2"

astral-regex@^1.0.0:
  version "1.0.0"
  resolved "https://registry.npm.taobao.org/astral-regex/download/astral-regex-1.0.0.tgz#6c8c3fb827dd43ee3918f27b82782ab7658a6fd9"

balanced-match@^1.0.0:
  version "1.0.0"
  resolved "https://registry.npm.taobao.org/balanced-match/download/balanced-match-1.0.0.tgz#89b4d199ab2bee49de164ea02b89ce462d71b767"

brace-expansion@^1.1.7:
  version "1.1.11"
  resolved "https://registry.npm.taobao.org/brace-expansion/download/brace-expansion-1.1.11.tgz#3c7fcbf529d87226f3d2f52b966ff5271eb441dd"
  dependencies:
    balanced-match "^1.0.0"
    concat-map "0.0.1"

buble@^0.19.8:
  version "0.19.8"
  resolved "https://registry.npm.taobao.org/buble/download/buble-0.19.8.tgz#d642f0081afab66dccd897d7b6360d94030b9d3d"
  dependencies:
    acorn "^6.1.1"
    acorn-dynamic-import "^4.0.0"
    acorn-jsx "^5.0.1"
    chalk "^2.4.2"
    magic-string "^0.25.3"
    minimist "^1.2.0"
    os-homedir "^2.0.0"
    regexpu-core "^4.5.4"

buffer-from@^1.0.0:
  version "1.1.1"
  resolved "https://registry.npm.taobao.org/buffer-from/download/buffer-from-1.1.1.tgz#32713bc028f75c02fdb710d7c7bcec1f2c6070ef"

callsites@^3.0.0:
  version "3.1.0"
  resolved "https://registry.npm.taobao.org/callsites/download/callsites-3.1.0.tgz#b3630abd8943432f54b3f0519238e33cd7df2f73"

chalk@^2.0.0, chalk@^2.1.0, chalk@^2.4.2:
  version "2.4.2"
  resolved "https://registry.npm.taobao.org/chalk/download/chalk-2.4.2.tgz?cache=0&sync_timestamp=1573282897812&other_urls=https%3A%2F%2Fregistry.npm.taobao.org%2Fchalk%2Fdownload%2Fchalk-2.4.2.tgz#cd42541677a54333cf541a49108c1432b44c9424"
  dependencies:
    ansi-styles "^3.2.1"
    escape-string-regexp "^1.0.5"
    supports-color "^5.3.0"

chardet@^0.7.0:
  version "0.7.0"
  resolved "https://registry.npm.taobao.org/chardet/download/chardet-0.7.0.tgz#90094849f0937f2eedc2425d0d28a9e5f0cbad9e"

cli-cursor@^3.1.0:
  version "3.1.0"
  resolved "https://registry.npm.taobao.org/cli-cursor/download/cli-cursor-3.1.0.tgz#264305a7ae490d1d03bf0c9ba7c925d1753af307"
  dependencies:
    restore-cursor "^3.1.0"

cli-width@^2.0.0:
  version "2.2.0"
  resolved "https://registry.npm.taobao.org/cli-width/download/cli-width-2.2.0.tgz#ff19ede8a9a5e579324147b0c11f0fbcbabed639"

color-convert@^1.9.0:
  version "1.9.3"
  resolved "https://registry.npm.taobao.org/color-convert/download/color-convert-1.9.3.tgz#bb71850690e1f136567de629d2d5471deda4c1e8"
  dependencies:
    color-name "1.1.3"

color-name@1.1.3:
  version "1.1.3"
  resolved "https://registry.npm.taobao.org/color-name/download/color-name-1.1.3.tgz#a7d0558bd89c42f795dd42328f740831ca53bc25"

commander@^2.20.0:
  version "2.20.3"
  resolved "https://registry.npm.taobao.org/commander/download/commander-2.20.3.tgz?cache=0&sync_timestamp=1573464045808&other_urls=https%3A%2F%2Fregistry.npm.taobao.org%2Fcommander%2Fdownload%2Fcommander-2.20.3.tgz#fd485e84c03eb4881c20722ba48035e8531aeb33"

concat-map@0.0.1:
  version "0.0.1"
  resolved "https://registry.npm.taobao.org/concat-map/download/concat-map-0.0.1.tgz#d8a96bd77fd68df7793a73036a3ba0d5405d477b"

cross-env@^6.0.3:
  version "6.0.3"
  resolved "https://registry.npm.taobao.org/cross-env/download/cross-env-6.0.3.tgz#4256b71e49b3a40637a0ce70768a6ef5c72ae941"
  dependencies:
    cross-spawn "^7.0.0"

cross-spawn@^6.0.5:
  version "6.0.5"
  resolved "https://registry.npm.taobao.org/cross-spawn/download/cross-spawn-6.0.5.tgz#4a5ec7c64dfae22c3a14124dbacdee846d80cbc4"
  dependencies:
    nice-try "^1.0.4"
    path-key "^2.0.1"
    semver "^5.5.0"
    shebang-command "^1.2.0"
    which "^1.2.9"

cross-spawn@^7.0.0:
  version "7.0.1"
  resolved "https://registry.npm.taobao.org/cross-spawn/download/cross-spawn-7.0.1.tgz?cache=0&sync_timestamp=1570439982137&other_urls=https%3A%2F%2Fregistry.npm.taobao.org%2Fcross-spawn%2Fdownload%2Fcross-spawn-7.0.1.tgz#0ab56286e0f7c24e153d04cc2aa027e43a9a5d14"
  dependencies:
    path-key "^3.1.0"
    shebang-command "^2.0.0"
    which "^2.0.1"

debug@^4.0.1:
  version "4.1.1"
  resolved "https://registry.npm.taobao.org/debug/download/debug-4.1.1.tgz#3b72260255109c6b589cee050f1d516139664791"
  dependencies:
    ms "^2.1.1"

deep-is@~0.1.3:
  version "0.1.3"
  resolved "https://registry.npm.taobao.org/deep-is/download/deep-is-0.1.3.tgz#b369d6fb5dbc13eecf524f91b070feedc357cf34"

doctrine@^3.0.0:
  version "3.0.0"
  resolved "https://registry.npm.taobao.org/doctrine/download/doctrine-3.0.0.tgz#addebead72a6574db783639dc87a121773973961"
  dependencies:
    esutils "^2.0.2"

emoji-regex@^7.0.1:
  version "7.0.3"
  resolved "https://registry.npm.taobao.org/emoji-regex/download/emoji-regex-7.0.3.tgz#933a04052860c85e83c122479c4748a8e4c72156"

emoji-regex@^8.0.0:
  version "8.0.0"
  resolved "https://registry.npm.taobao.org/emoji-regex/download/emoji-regex-8.0.0.tgz#e818fd69ce5ccfcb404594f842963bf53164cc37"

escape-string-regexp@^1.0.5:
  version "1.0.5"
  resolved "https://registry.npm.taobao.org/escape-string-regexp/download/escape-string-regexp-1.0.5.tgz#1b61c0562190a8dff6ae3bb2cf0200ca130b86d4"

eslint-scope@^5.0.0:
  version "5.0.0"
  resolved "https://registry.npm.taobao.org/eslint-scope/download/eslint-scope-5.0.0.tgz#e87c8887c73e8d1ec84f1ca591645c358bfc8fb9"
  dependencies:
    esrecurse "^4.1.0"
    estraverse "^4.1.1"

eslint-utils@^1.4.3:
  version "1.4.3"
  resolved "https://registry.npm.taobao.org/eslint-utils/download/eslint-utils-1.4.3.tgz#74fec7c54d0776b6f67e0251040b5806564e981f"
  dependencies:
    eslint-visitor-keys "^1.1.0"

eslint-visitor-keys@^1.1.0:
  version "1.1.0"
  resolved "https://registry.npm.taobao.org/eslint-visitor-keys/download/eslint-visitor-keys-1.1.0.tgz#e2a82cea84ff246ad6fb57f9bde5b46621459ec2"

eslint@^6.0.0:
  version "6.6.0"
  resolved "https://registry.npm.taobao.org/eslint/download/eslint-6.6.0.tgz#4a01a2fb48d32aacef5530ee9c5a78f11a8afd04"
  dependencies:
    "@babel/code-frame" "^7.0.0"
    ajv "^6.10.0"
    chalk "^2.1.0"
    cross-spawn "^6.0.5"
    debug "^4.0.1"
    doctrine "^3.0.0"
    eslint-scope "^5.0.0"
    eslint-utils "^1.4.3"
    eslint-visitor-keys "^1.1.0"
    espree "^6.1.2"
    esquery "^1.0.1"
    esutils "^2.0.2"
    file-entry-cache "^5.0.1"
    functional-red-black-tree "^1.0.1"
    glob-parent "^5.0.0"
    globals "^11.7.0"
    ignore "^4.0.6"
    import-fresh "^3.0.0"
    imurmurhash "^0.1.4"
    inquirer "^7.0.0"
    is-glob "^4.0.0"
    js-yaml "^3.13.1"
    json-stable-stringify-without-jsonify "^1.0.1"
    levn "^0.3.0"
    lodash "^4.17.14"
    minimatch "^3.0.4"
    mkdirp "^0.5.1"
    natural-compare "^1.4.0"
    optionator "^0.8.2"
    progress "^2.0.0"
    regexpp "^2.0.1"
    semver "^6.1.2"
    strip-ansi "^5.2.0"
    strip-json-comments "^3.0.1"
    table "^5.2.3"
    text-table "^0.2.0"
    v8-compile-cache "^2.0.3"

eslint@^6.6.0:
  version "6.6.0"
  resolved "https://registry.npm.taobao.org/eslint/download/eslint-6.6.0.tgz?cache=0&sync_timestamp=1572029011742&other_urls=https%3A%2F%2Fregistry.npm.taobao.org%2Feslint%2Fdownload%2Feslint-6.6.0.tgz#4a01a2fb48d32aacef5530ee9c5a78f11a8afd04"
  dependencies:
    "@babel/code-frame" "^7.0.0"
    ajv "^6.10.0"
    chalk "^2.1.0"
    cross-spawn "^6.0.5"
    debug "^4.0.1"
    doctrine "^3.0.0"
    eslint-scope "^5.0.0"
    eslint-utils "^1.4.3"
    eslint-visitor-keys "^1.1.0"
    espree "^6.1.2"
    esquery "^1.0.1"
    esutils "^2.0.2"
    file-entry-cache "^5.0.1"
    functional-red-black-tree "^1.0.1"
    glob-parent "^5.0.0"
    globals "^11.7.0"
    ignore "^4.0.6"
    import-fresh "^3.0.0"
    imurmurhash "^0.1.4"
    inquirer "^7.0.0"
    is-glob "^4.0.0"
    js-yaml "^3.13.1"
    json-stable-stringify-without-jsonify "^1.0.1"
    levn "^0.3.0"
    lodash "^4.17.14"
    minimatch "^3.0.4"
    mkdirp "^0.5.1"
    natural-compare "^1.4.0"
    optionator "^0.8.2"
    progress "^2.0.0"
    regexpp "^2.0.1"
    semver "^6.1.2"
    strip-ansi "^5.2.0"
    strip-json-comments "^3.0.1"
    table "^5.2.3"
    text-table "^0.2.0"
    v8-compile-cache "^2.0.3"

espree@^6.1.2:
  version "6.1.2"
  resolved "https://registry.npm.taobao.org/espree/download/espree-6.1.2.tgz#6c272650932b4f91c3714e5e7b5f5e2ecf47262d"
  dependencies:
    acorn "^7.1.0"
    acorn-jsx "^5.1.0"
    eslint-visitor-keys "^1.1.0"

esprima@^4.0.0:
  version "4.0.1"
  resolved "https://registry.npm.taobao.org/esprima/download/esprima-4.0.1.tgz#13b04cdb3e6c5d19df91ab6987a8695619b0aa71"

esquery@^1.0.1:
  version "1.0.1"
  resolved "https://registry.npm.taobao.org/esquery/download/esquery-1.0.1.tgz#406c51658b1f5991a5f9b62b1dc25b00e3e5c708"
  dependencies:
    estraverse "^4.0.0"

esrecurse@^4.1.0:
  version "4.2.1"
  resolved "https://registry.npm.taobao.org/esrecurse/download/esrecurse-4.2.1.tgz#007a3b9fdbc2b3bb87e4879ea19c92fdbd3942cf"
  dependencies:
    estraverse "^4.1.0"

estraverse@^4.0.0, estraverse@^4.1.0, estraverse@^4.1.1:
  version "4.3.0"
  resolved "https://registry.npm.taobao.org/estraverse/download/estraverse-4.3.0.tgz#398ad3f3c5a24948be7725e83d11a7de28cdbd1d"

estree-walker@^0.6.1:
  version "0.6.1"
  resolved "https://registry.npm.taobao.org/estree-walker/download/estree-walker-0.6.1.tgz#53049143f40c6eb918b23671d1fe3219f3a1b362"

esutils@^2.0.2:
  version "2.0.3"
  resolved "https://registry.npm.taobao.org/esutils/download/esutils-2.0.3.tgz?cache=0&sync_timestamp=1572571345072&other_urls=https%3A%2F%2Fregistry.npm.taobao.org%2Fesutils%2Fdownload%2Fesutils-2.0.3.tgz#74d2eb4de0b8da1293711910d50775b9b710ef64"

external-editor@^3.0.3:
  version "3.1.0"
  resolved "https://registry.npm.taobao.org/external-editor/download/external-editor-3.1.0.tgz#cb03f740befae03ea4d283caed2741a83f335495"
  dependencies:
    chardet "^0.7.0"
    iconv-lite "^0.4.24"
    tmp "^0.0.33"

fast-deep-equal@^2.0.1:
  version "2.0.1"
  resolved "https://registry.npm.taobao.org/fast-deep-equal/download/fast-deep-equal-2.0.1.tgz#7b05218ddf9667bf7f370bf7fdb2cb15fdd0aa49"

fast-json-stable-stringify@^2.0.0:
  version "2.0.0"
  resolved "https://registry.npm.taobao.org/fast-json-stable-stringify/download/fast-json-stable-stringify-2.0.0.tgz#d5142c0caee6b1189f87d3a76111064f86c8bbf2"

fast-levenshtein@~2.0.6:
  version "2.0.6"
  resolved "https://registry.npm.taobao.org/fast-levenshtein/download/fast-levenshtein-2.0.6.tgz#3d8a5c66883a16a30ca8643e851f19baa7797917"

figures@^3.0.0:
  version "3.1.0"
  resolved "https://registry.npm.taobao.org/figures/download/figures-3.1.0.tgz#4b198dd07d8d71530642864af2d45dd9e459c4ec"
  dependencies:
    escape-string-regexp "^1.0.5"

file-entry-cache@^5.0.1:
  version "5.0.1"
  resolved "https://registry.npm.taobao.org/file-entry-cache/download/file-entry-cache-5.0.1.tgz#ca0f6efa6dd3d561333fb14515065c2fafdf439c"
  dependencies:
    flat-cache "^2.0.1"

flat-cache@^2.0.1:
  version "2.0.1"
  resolved "https://registry.npm.taobao.org/flat-cache/download/flat-cache-2.0.1.tgz#5d296d6f04bda44a4630a301413bdbc2ec085ec0"
  dependencies:
    flatted "^2.0.0"
    rimraf "2.6.3"
    write "1.0.3"

flatted@^2.0.0:
  version "2.0.1"
  resolved "https://registry.npm.taobao.org/flatted/download/flatted-2.0.1.tgz#69e57caa8f0eacbc281d2e2cb458d46fdb449e08"

fs.realpath@^1.0.0:
  version "1.0.0"
  resolved "https://registry.npm.taobao.org/fs.realpath/download/fs.realpath-1.0.0.tgz#1504ad2523158caa40db4a2787cb01411994ea4f"

functional-red-black-tree@^1.0.1:
  version "1.0.1"
  resolved "https://registry.npm.taobao.org/functional-red-black-tree/download/functional-red-black-tree-1.0.1.tgz#1b0ab3bd553b2a0d6399d29c0e3ea0b252078327"

glob-parent@^5.0.0:
  version "5.1.0"
  resolved "https://registry.npm.taobao.org/glob-parent/download/glob-parent-5.1.0.tgz#5f4c1d1e748d30cd73ad2944b3577a81b081e8c2"
  dependencies:
    is-glob "^4.0.1"

glob@^7.1.3:
  version "7.1.6"
  resolved "https://registry.npm.taobao.org/glob/download/glob-7.1.6.tgz#141f33b81a7c2492e125594307480c46679278a6"
  dependencies:
    fs.realpath "^1.0.0"
    inflight "^1.0.4"
    inherits "2"
    minimatch "^3.0.4"
    once "^1.3.0"
    path-is-absolute "^1.0.0"

globals@^11.7.0:
  version "11.12.0"
  resolved "https://registry.npm.taobao.org/globals/download/globals-11.12.0.tgz#ab8795338868a0babd8525758018c2a7eb95c42e"

has-flag@^3.0.0:
  version "3.0.0"
  resolved "https://registry.npm.taobao.org/has-flag/download/has-flag-3.0.0.tgz#b5d454dc2199ae225699f3467e5a07f3b955bafd"

iconv-lite@^0.4.24:
  version "0.4.24"
  resolved "https://registry.npm.taobao.org/iconv-lite/download/iconv-lite-0.4.24.tgz#2022b4b25fbddc21d2f524974a474aafe733908b"
  dependencies:
    safer-buffer ">= 2.1.2 < 3"

ignore@^4.0.6:
  version "4.0.6"
  resolved "https://registry.npm.taobao.org/ignore/download/ignore-4.0.6.tgz#750e3db5862087b4737ebac8207ffd1ef27b25fc"

import-fresh@^3.0.0:
  version "3.1.0"
  resolved "https://registry.npm.taobao.org/import-fresh/download/import-fresh-3.1.0.tgz#6d33fa1dcef6df930fae003446f33415af905118"
  dependencies:
    parent-module "^1.0.0"
    resolve-from "^4.0.0"

imurmurhash@^0.1.4:
  version "0.1.4"
  resolved "https://registry.npm.taobao.org/imurmurhash/download/imurmurhash-0.1.4.tgz#9218b9b2b928a238b13dc4fb6b6d576f231453ea"

inflight@^1.0.4:
  version "1.0.6"
  resolved "https://registry.npm.taobao.org/inflight/download/inflight-1.0.6.tgz#49bd6331d7d02d0c09bc910a1075ba8165b56df9"
  dependencies:
    once "^1.3.0"
    wrappy "1"

inherits@2:
  version "2.0.4"
  resolved "https://registry.npm.taobao.org/inherits/download/inherits-2.0.4.tgz#0fa2c64f932917c3433a0ded55363aae37416b7c"

inquirer@^7.0.0:
  version "7.0.0"
  resolved "https://registry.npm.taobao.org/inquirer/download/inquirer-7.0.0.tgz#9e2b032dde77da1db5db804758b8fea3a970519a"
  dependencies:
    ansi-escapes "^4.2.1"
    chalk "^2.4.2"
    cli-cursor "^3.1.0"
    cli-width "^2.0.0"
    external-editor "^3.0.3"
    figures "^3.0.0"
    lodash "^4.17.15"
    mute-stream "0.0.8"
    run-async "^2.2.0"
    rxjs "^6.4.0"
    string-width "^4.1.0"
    strip-ansi "^5.1.0"
    through "^2.3.6"

is-extglob@^2.1.1:
  version "2.1.1"
  resolved "https://registry.npm.taobao.org/is-extglob/download/is-extglob-2.1.1.tgz#a88c02535791f02ed37c76a1b9ea9773c833f8c2"

is-fullwidth-code-point@^2.0.0:
  version "2.0.0"
  resolved "https://registry.npm.taobao.org/is-fullwidth-code-point/download/is-fullwidth-code-point-2.0.0.tgz#a3b30a5c4f199183167aaab93beefae3ddfb654f"

is-fullwidth-code-point@^3.0.0:
  version "3.0.0"
  resolved "https://registry.npm.taobao.org/is-fullwidth-code-point/download/is-fullwidth-code-point-3.0.0.tgz#f116f8064fe90b3f7844a38997c0b75051269f1d"

is-glob@^4.0.0, is-glob@^4.0.1:
  version "4.0.1"
  resolved "https://registry.npm.taobao.org/is-glob/download/is-glob-4.0.1.tgz#7567dbe9f2f5e2467bc77ab83c4a29482407a5dc"
  dependencies:
    is-extglob "^2.1.1"

is-promise@^2.1.0:
  version "2.1.0"
  resolved "https://registry.npm.taobao.org/is-promise/download/is-promise-2.1.0.tgz#79a2a9ece7f096e80f36d2b2f3bc16c1ff4bf3fa"

isexe@^2.0.0:
  version "2.0.0"
  resolved "https://registry.npm.taobao.org/isexe/download/isexe-2.0.0.tgz#e8fbf374dc556ff8947a10dcb0572d633f2cfa10"

jest-worker@^24.6.0:
  version "24.9.0"
  resolved "https://registry.npm.taobao.org/jest-worker/download/jest-worker-24.9.0.tgz#5dbfdb5b2d322e98567898238a9697bcce67b3e5"
  dependencies:
    merge-stream "^2.0.0"
    supports-color "^6.1.0"

js-tokens@^4.0.0:
  version "4.0.0"
  resolved "https://registry.npm.taobao.org/js-tokens/download/js-tokens-4.0.0.tgz#19203fb59991df98e3a287050d4647cdeaf32499"

js-yaml@^3.13.1:
  version "3.13.1"
  resolved "https://registry.npm.taobao.org/js-yaml/download/js-yaml-3.13.1.tgz#aff151b30bfdfa8e49e05da22e7415e9dfa37847"
  dependencies:
    argparse "^1.0.7"
    esprima "^4.0.0"

jsesc@~0.5.0:
  version "0.5.0"
  resolved "https://registry.npm.taobao.org/jsesc/download/jsesc-0.5.0.tgz#e7dee66e35d6fc16f710fe91d5cf69f70f08911d"

json-schema-traverse@^0.4.1:
  version "0.4.1"
  resolved "https://registry.npm.taobao.org/json-schema-traverse/download/json-schema-traverse-0.4.1.tgz#69f6a87d9513ab8bb8fe63bdb0979c448e684660"

json-stable-stringify-without-jsonify@^1.0.1:
  version "1.0.1"
  resolved "https://registry.npm.taobao.org/json-stable-stringify-without-jsonify/download/json-stable-stringify-without-jsonify-1.0.1.tgz#9db7b59496ad3f3cfef30a75142d2d930ad72651"

levn@^0.3.0, levn@~0.3.0:
  version "0.3.0"
  resolved "https://registry.npm.taobao.org/levn/download/levn-0.3.0.tgz#3b09924edf9f083c0490fdd4c0bc4421e04764ee"
  dependencies:
    prelude-ls "~1.1.2"
    type-check "~0.3.2"

lodash@^4.17.14, lodash@^4.17.15:
  version "4.17.15"
  resolved "https://registry.npm.taobao.org/lodash/download/lodash-4.17.15.tgz#b447f6670a0455bbfeedd11392eff330ea097548"

magic-string@^0.25.2, magic-string@^0.25.3:
  version "0.25.4"
  resolved "https://registry.npm.taobao.org/magic-string/download/magic-string-0.25.4.tgz#325b8a0a79fc423db109b77fd5a19183b7ba5143"
  dependencies:
    sourcemap-codec "^1.4.4"

merge-stream@^2.0.0:
  version "2.0.0"
  resolved "https://registry.npm.taobao.org/merge-stream/download/merge-stream-2.0.0.tgz#52823629a14dd00c9770fb6ad47dc6310f2c1f60"

mimic-fn@^2.1.0:
  version "2.1.0"
  resolved "https://registry.npm.taobao.org/mimic-fn/download/mimic-fn-2.1.0.tgz#7ed2c2ccccaf84d3ffcb7a69b57711fc2083401b"

minimatch@^3.0.4:
  version "3.0.4"
  resolved "https://registry.npm.taobao.org/minimatch/download/minimatch-3.0.4.tgz#5166e286457f03306064be5497e8dbb0c3d32083"
  dependencies:
    brace-expansion "^1.1.7"

minimist@0.0.8:
  version "0.0.8"
  resolved "https://registry.npm.taobao.org/minimist/download/minimist-0.0.8.tgz?cache=0&sync_timestamp=1572571372597&other_urls=https%3A%2F%2Fregistry.npm.taobao.org%2Fminimist%2Fdownload%2Fminimist-0.0.8.tgz#857fcabfc3397d2625b8228262e86aa7a011b05d"

minimist@^1.2.0:
  version "1.2.0"
  resolved "https://registry.npm.taobao.org/minimist/download/minimist-1.2.0.tgz#a35008b20f41383eec1fb914f4cd5df79a264284"

mkdirp@^0.5.1:
  version "0.5.1"
  resolved "https://registry.npm.taobao.org/mkdirp/download/mkdirp-0.5.1.tgz#30057438eac6cf7f8c4767f38648d6697d75c903"
  dependencies:
    minimist "0.0.8"

ms@^2.1.1:
  version "2.1.2"
  resolved "https://registry.npm.taobao.org/ms/download/ms-2.1.2.tgz#d09d1f357b443f493382a8eb3ccd183872ae6009"

mute-stream@0.0.8:
  version "0.0.8"
  resolved "https://registry.npm.taobao.org/mute-stream/download/mute-stream-0.0.8.tgz#1630c42b2251ff81e2a283de96a5497ea92e5e0d"

natural-compare@^1.4.0:
  version "1.4.0"
  resolved "https://registry.npm.taobao.org/natural-compare/download/natural-compare-1.4.0.tgz#4abebfeed7541f2c27acfb29bdbbd15c8d5ba4f7"

nice-try@^1.0.4:
  version "1.0.5"
  resolved "https://registry.npm.taobao.org/nice-try/download/nice-try-1.0.5.tgz#a3378a7696ce7d223e88fc9b764bd7ef1089e366"

once@^1.3.0:
  version "1.4.0"
  resolved "https://registry.npm.taobao.org/once/download/once-1.4.0.tgz#583b1aa775961d4b113ac17d9c50baef9dd76bd1"
  dependencies:
    wrappy "1"

onetime@^5.1.0:
  version "5.1.0"
  resolved "https://registry.npm.taobao.org/onetime/download/onetime-5.1.0.tgz#fff0f3c91617fe62bb50189636e99ac8a6df7be5"
  dependencies:
    mimic-fn "^2.1.0"

optionator@^0.8.2:
  version "0.8.3"
  resolved "https://registry.npm.taobao.org/optionator/download/optionator-0.8.3.tgz?cache=0&sync_timestamp=1573077370127&other_urls=https%3A%2F%2Fregistry.npm.taobao.org%2Foptionator%2Fdownload%2Foptionator-0.8.3.tgz#84fa1d036fe9d3c7e21d99884b601167ec8fb495"
  dependencies:
    deep-is "~0.1.3"
    fast-levenshtein "~2.0.6"
    levn "~0.3.0"
    prelude-ls "~1.1.2"
    type-check "~0.3.2"
    word-wrap "~1.2.3"

os-homedir@^2.0.0:
  version "2.0.0"
  resolved "https://registry.npm.taobao.org/os-homedir/download/os-homedir-2.0.0.tgz#a0c76bb001a8392a503cbd46e7e650b3423a923c"

os-tmpdir@~1.0.2:
  version "1.0.2"
  resolved "https://registry.npm.taobao.org/os-tmpdir/download/os-tmpdir-1.0.2.tgz#bbe67406c79aa85c5cfec766fe5734555dfa1274"

parent-module@^1.0.0:
  version "1.0.1"
  resolved "https://registry.npm.taobao.org/parent-module/download/parent-module-1.0.1.tgz#691d2709e78c79fae3a156622452d00762caaaa2"
  dependencies:
    callsites "^3.0.0"

path-is-absolute@^1.0.0:
  version "1.0.1"
  resolved "https://registry.npm.taobao.org/path-is-absolute/download/path-is-absolute-1.0.1.tgz#174b9268735534ffbc7ace6bf53a5a9e1b5c5f5f"

path-key@^2.0.1:
  version "2.0.1"
  resolved "https://registry.npm.taobao.org/path-key/download/path-key-2.0.1.tgz#411cadb574c5a140d3a4b1910d40d80cc9f40b40"

path-key@^3.1.0:
  version "3.1.0"
  resolved "https://registry.npm.taobao.org/path-key/download/path-key-3.1.0.tgz#99a10d870a803bdd5ee6f0470e58dfcd2f9a54d3"

prelude-ls@~1.1.2:
  version "1.1.2"
  resolved "https://registry.npm.taobao.org/prelude-ls/download/prelude-ls-1.1.2.tgz#21932a549f5e52ffd9a827f570e04be62a97da54"

progress@^2.0.0:
  version "2.0.3"
  resolved "https://registry.npm.taobao.org/progress/download/progress-2.0.3.tgz#7e8cf8d8f5b8f239c1bc68beb4eb78567d572ef8"

punycode@^2.1.0:
  version "2.1.1"
  resolved "https://registry.npm.taobao.org/punycode/download/punycode-2.1.1.tgz#b58b010ac40c22c5657616c8d2c2c02c7bf479ec"

regenerate-unicode-properties@^8.1.0:
  version "8.1.0"
  resolved "https://registry.npm.taobao.org/regenerate-unicode-properties/download/regenerate-unicode-properties-8.1.0.tgz#ef51e0f0ea4ad424b77bf7cb41f3e015c70a3f0e"
  dependencies:
    regenerate "^1.4.0"

regenerate@^1.4.0:
  version "1.4.0"
  resolved "https://registry.npm.taobao.org/regenerate/download/regenerate-1.4.0.tgz#4a856ec4b56e4077c557589cae85e7a4c8869a11"

regexpp@^2.0.1:
  version "2.0.1"
  resolved "https://registry.npm.taobao.org/regexpp/download/regexpp-2.0.1.tgz#8d19d31cf632482b589049f8281f93dbcba4d07f"

regexpu-core@^4.5.4:
  version "4.6.0"
  resolved "https://registry.npm.taobao.org/regexpu-core/download/regexpu-core-4.6.0.tgz#2037c18b327cfce8a6fea2a4ec441f2432afb8b6"
  dependencies:
    regenerate "^1.4.0"
    regenerate-unicode-properties "^8.1.0"
    regjsgen "^0.5.0"
    regjsparser "^0.6.0"
    unicode-match-property-ecmascript "^1.0.4"
    unicode-match-property-value-ecmascript "^1.1.0"

regjsgen@^0.5.0:
  version "0.5.1"
  resolved "https://registry.npm.taobao.org/regjsgen/download/regjsgen-0.5.1.tgz?cache=0&sync_timestamp=1571560526353&other_urls=https%3A%2F%2Fregistry.npm.taobao.org%2Fregjsgen%2Fdownload%2Fregjsgen-0.5.1.tgz#48f0bf1a5ea205196929c0d9798b42d1ed98443c"

regjsparser@^0.6.0:
  version "0.6.0"
  resolved "https://registry.npm.taobao.org/regjsparser/download/regjsparser-0.6.0.tgz#f1e6ae8b7da2bae96c99399b868cd6c933a2ba9c"
  dependencies:
    jsesc "~0.5.0"

resolve-from@^4.0.0:
  version "4.0.0"
  resolved "https://registry.npm.taobao.org/resolve-from/download/resolve-from-4.0.0.tgz?cache=0&sync_timestamp=1572587522592&other_urls=https%3A%2F%2Fregistry.npm.taobao.org%2Fresolve-from%2Fdownload%2Fresolve-from-4.0.0.tgz#4abcd852ad32dd7baabfe9b40e00a36db5f392e6"

restore-cursor@^3.1.0:
  version "3.1.0"
  resolved "https://registry.npm.taobao.org/restore-cursor/download/restore-cursor-3.1.0.tgz#39f67c54b3a7a58cea5236d95cf0034239631f7e"
  dependencies:
    onetime "^5.1.0"
    signal-exit "^3.0.2"

rimraf@2.6.3:
  version "2.6.3"
  resolved "https://registry.npm.taobao.org/rimraf/download/rimraf-2.6.3.tgz#b2d104fe0d8fb27cf9e0a1cda8262dd3833c6cab"
  dependencies:
    glob "^7.1.3"

rollup-plugin-alias@^2.2.0:
  version "2.2.0"
  resolved "https://registry.npm.taobao.org/rollup-plugin-alias/download/rollup-plugin-alias-2.2.0.tgz#5004a2bc542a2eebb45b5a0fff8c6f540439decc"
  dependencies:
    slash "^3.0.0"

rollup-plugin-buble@^0.19.8:
  version "0.19.8"
  resolved "https://registry.npm.taobao.org/rollup-plugin-buble/download/rollup-plugin-buble-0.19.8.tgz#f9232e2bb62a7573d04f9705c1bd6f02c2a02c6a"
  dependencies:
    buble "^0.19.8"
    rollup-pluginutils "^2.3.3"

rollup-plugin-eslint@^7.0.0:
  version "7.0.0"
  resolved "https://registry.npm.taobao.org/rollup-plugin-eslint/download/rollup-plugin-eslint-7.0.0.tgz#a6dbcbc14699a7a02155697c0c3dfa26cca59a9b"
  dependencies:
    eslint "^6.0.0"
    rollup-pluginutils "^2.7.1"

rollup-plugin-replace@^2.2.0:
  version "2.2.0"
  resolved "https://registry.npm.taobao.org/rollup-plugin-replace/download/rollup-plugin-replace-2.2.0.tgz#f41ae5372e11e7a217cde349c8b5d5fd115e70e3"
  dependencies:
    magic-string "^0.25.2"
    rollup-pluginutils "^2.6.0"

rollup-plugin-terser@^5.1.2:
  version "5.1.2"
  resolved "https://registry.npm.taobao.org/rollup-plugin-terser/download/rollup-plugin-terser-5.1.2.tgz#3e41256205cb75f196fc70d4634227d1002c255c"
  dependencies:
    "@babel/code-frame" "^7.0.0"
    jest-worker "^24.6.0"
    rollup-pluginutils "^2.8.1"
    serialize-javascript "^1.7.0"
    terser "^4.1.0"

rollup-pluginutils@^2.3.3, rollup-pluginutils@^2.6.0, rollup-pluginutils@^2.7.1, rollup-pluginutils@^2.8.1:
  version "2.8.2"
  resolved "https://registry.npm.taobao.org/rollup-pluginutils/download/rollup-pluginutils-2.8.2.tgz#72f2af0748b592364dbd3389e600e5a9444a351e"
  dependencies:
    estree-walker "^0.6.1"

rollup@^1.26.4:
  version "1.26.4"
  resolved "https://registry.npm.taobao.org/rollup/download/rollup-1.26.4.tgz#9c9ec8a30b5ddec124060556ac7147cc22a24ac5"
  dependencies:
    "@types/estree" "*"
    "@types/node" "*"
    acorn "^7.1.0"

run-async@^2.2.0:
  version "2.3.0"
  resolved "https://registry.npm.taobao.org/run-async/download/run-async-2.3.0.tgz#0371ab4ae0bdd720d4166d7dfda64ff7a445a6c0"
  dependencies:
    is-promise "^2.1.0"

rxjs@^6.4.0:
  version "6.5.3"
  resolved "https://registry.npm.taobao.org/rxjs/download/rxjs-6.5.3.tgz#510e26317f4db91a7eb1de77d9dd9ba0a4899a3a"
  dependencies:
    tslib "^1.9.0"

"safer-buffer@>= 2.1.2 < 3":
  version "2.1.2"
  resolved "https://registry.npm.taobao.org/safer-buffer/download/safer-buffer-2.1.2.tgz#44fa161b0187b9549dd84bb91802f9bd8385cd6a"

semver@^5.5.0:
  version "5.7.1"
  resolved "https://registry.npm.taobao.org/semver/download/semver-5.7.1.tgz#a954f931aeba508d307bbf069eff0c01c96116f7"

semver@^6.1.2:
  version "6.3.0"
  resolved "https://registry.npm.taobao.org/semver/download/semver-6.3.0.tgz#ee0a64c8af5e8ceea67687b133761e1becbd1d3d"

serialize-javascript@^1.7.0:
  version "1.9.1"
  resolved "https://registry.npm.taobao.org/serialize-javascript/download/serialize-javascript-1.9.1.tgz#cfc200aef77b600c47da9bb8149c943e798c2fdb"

shebang-command@^1.2.0:
  version "1.2.0"
  resolved "https://registry.npm.taobao.org/shebang-command/download/shebang-command-1.2.0.tgz#44aac65b695b03398968c39f363fee5deafdf1ea"
  dependencies:
    shebang-regex "^1.0.0"

shebang-command@^2.0.0:
  version "2.0.0"
  resolved "https://registry.npm.taobao.org/shebang-command/download/shebang-command-2.0.0.tgz#ccd0af4f8835fbdc265b82461aaf0c36663f34ea"
  dependencies:
    shebang-regex "^3.0.0"

shebang-regex@^1.0.0:
  version "1.0.0"
  resolved "https://registry.npm.taobao.org/shebang-regex/download/shebang-regex-1.0.0.tgz#da42f49740c0b42db2ca9728571cb190c98efea3"

shebang-regex@^3.0.0:
  version "3.0.0"
  resolved "https://registry.npm.taobao.org/shebang-regex/download/shebang-regex-3.0.0.tgz#ae16f1644d873ecad843b0307b143362d4c42172"

signal-exit@^3.0.2:
  version "3.0.2"
  resolved "https://registry.npm.taobao.org/signal-exit/download/signal-exit-3.0.2.tgz?cache=0&sync_timestamp=1572571379616&other_urls=https%3A%2F%2Fregistry.npm.taobao.org%2Fsignal-exit%2Fdownload%2Fsignal-exit-3.0.2.tgz#b5fdc08f1287ea1178628e415e25132b73646c6d"

slash@^3.0.0:
  version "3.0.0"
  resolved "https://registry.npm.taobao.org/slash/download/slash-3.0.0.tgz#6539be870c165adbd5240220dbe361f1bc4d4634"

slice-ansi@^2.1.0:
  version "2.1.0"
  resolved "https://registry.npm.taobao.org/slice-ansi/download/slice-ansi-2.1.0.tgz#cacd7693461a637a5788d92a7dd4fba068e81636"
  dependencies:
    ansi-styles "^3.2.0"
    astral-regex "^1.0.0"
    is-fullwidth-code-point "^2.0.0"

source-map-support@~0.5.12:
  version "0.5.16"
  resolved "https://registry.npm.taobao.org/source-map-support/download/source-map-support-0.5.16.tgz#0ae069e7fe3ba7538c64c98515e35339eac5a042"
  dependencies:
    buffer-from "^1.0.0"
    source-map "^0.6.0"

source-map@^0.6.0, source-map@~0.6.1:
  version "0.6.1"
  resolved "https://registry.npm.taobao.org/source-map/download/source-map-0.6.1.tgz#74722af32e9614e9c287a8d0bbde48b5e2f1a263"

sourcemap-codec@^1.4.4:
  version "1.4.6"
  resolved "https://registry.npm.taobao.org/sourcemap-codec/download/sourcemap-codec-1.4.6.tgz#e30a74f0402bad09807640d39e971090a08ce1e9"

sprintf-js@~1.0.2:
  version "1.0.3"
  resolved "https://registry.npm.taobao.org/sprintf-js/download/sprintf-js-1.0.3.tgz#04e6926f662895354f3dd015203633b857297e2c"

string-width@^3.0.0:
  version "3.1.0"
  resolved "https://registry.npm.taobao.org/string-width/download/string-width-3.1.0.tgz?cache=0&other_urls=https%3A%2F%2Fregistry.npm.taobao.org%2Fstring-width%2Fdownload%2Fstring-width-3.1.0.tgz#22767be21b62af1081574306f69ac51b62203961"
  dependencies:
    emoji-regex "^7.0.1"
    is-fullwidth-code-point "^2.0.0"
    strip-ansi "^5.1.0"

string-width@^4.1.0:
  version "4.2.0"
  resolved "https://registry.npm.taobao.org/string-width/download/string-width-4.2.0.tgz?cache=0&other_urls=https%3A%2F%2Fregistry.npm.taobao.org%2Fstring-width%2Fdownload%2Fstring-width-4.2.0.tgz#952182c46cc7b2c313d1596e623992bd163b72b5"
  dependencies:
    emoji-regex "^8.0.0"
    is-fullwidth-code-point "^3.0.0"
    strip-ansi "^6.0.0"

strip-ansi@^5.1.0, strip-ansi@^5.2.0:
  version "5.2.0"
  resolved "https://registry.npm.taobao.org/strip-ansi/download/strip-ansi-5.2.0.tgz?cache=0&sync_timestamp=1573280549549&other_urls=https%3A%2F%2Fregistry.npm.taobao.org%2Fstrip-ansi%2Fdownload%2Fstrip-ansi-5.2.0.tgz#8c9a536feb6afc962bdfa5b104a5091c1ad9c0ae"
  dependencies:
    ansi-regex "^4.1.0"

strip-ansi@^6.0.0:
  version "6.0.0"
  resolved "https://registry.npm.taobao.org/strip-ansi/download/strip-ansi-6.0.0.tgz?cache=0&sync_timestamp=1573280549549&other_urls=https%3A%2F%2Fregistry.npm.taobao.org%2Fstrip-ansi%2Fdownload%2Fstrip-ansi-6.0.0.tgz#0b1571dd7669ccd4f3e06e14ef1eed26225ae532"
  dependencies:
    ansi-regex "^5.0.0"

strip-json-comments@^3.0.1:
  version "3.0.1"
  resolved "https://registry.npm.taobao.org/strip-json-comments/download/strip-json-comments-3.0.1.tgz#85713975a91fb87bf1b305cca77395e40d2a64a7"

supports-color@^5.3.0:
  version "5.5.0"
  resolved "https://registry.npm.taobao.org/supports-color/download/supports-color-5.5.0.tgz#e2e69a44ac8772f78a1ec0b35b689df6530efc8f"
  dependencies:
    has-flag "^3.0.0"

supports-color@^6.1.0:
  version "6.1.0"
  resolved "https://registry.npm.taobao.org/supports-color/download/supports-color-6.1.0.tgz#0764abc69c63d5ac842dd4867e8d025e880df8f3"
  dependencies:
    has-flag "^3.0.0"

table@^5.2.3:
  version "5.4.6"
  resolved "https://registry.npm.taobao.org/table/download/table-5.4.6.tgz#1292d19500ce3f86053b05f0e8e7e4a3bb21079e"
  dependencies:
    ajv "^6.10.2"
    lodash "^4.17.14"
    slice-ansi "^2.1.0"
    string-width "^3.0.0"

terser@^4.1.0:
  version "4.4.0"
  resolved "https://registry.npm.taobao.org/terser/download/terser-4.4.0.tgz#22c46b4817cf4c9565434bfe6ad47336af259ac3"
  dependencies:
    commander "^2.20.0"
    source-map "~0.6.1"
    source-map-support "~0.5.12"

text-table@^0.2.0:
  version "0.2.0"
  resolved "https://registry.npm.taobao.org/text-table/download/text-table-0.2.0.tgz#7f5ee823ae805207c00af2df4a84ec3fcfa570b4"

through@^2.3.6:
  version "2.3.8"
  resolved "https://registry.npm.taobao.org/through/download/through-2.3.8.tgz#0dd4c9ffaabc357960b1b724115d7e0e86a2e1f5"

tmp@^0.0.33:
  version "0.0.33"
  resolved "https://registry.npm.taobao.org/tmp/download/tmp-0.0.33.tgz?cache=0&sync_timestamp=1572589544947&other_urls=https%3A%2F%2Fregistry.npm.taobao.org%2Ftmp%2Fdownload%2Ftmp-0.0.33.tgz#6d34335889768d21b2bcda0aa277ced3b1bfadf9"
  dependencies:
    os-tmpdir "~1.0.2"

tslib@^1.9.0:
  version "1.10.0"
  resolved "https://registry.npm.taobao.org/tslib/download/tslib-1.10.0.tgz#c3c19f95973fb0a62973fb09d90d961ee43e5c8a"

type-check@~0.3.2:
  version "0.3.2"
  resolved "https://registry.npm.taobao.org/type-check/download/type-check-0.3.2.tgz#5884cab512cf1d355e3fb784f30804b2b520db72"
  dependencies:
    prelude-ls "~1.1.2"

type-fest@^0.5.2:
  version "0.5.2"
  resolved "https://registry.npm.taobao.org/type-fest/download/type-fest-0.5.2.tgz#d6ef42a0356c6cd45f49485c3b6281fc148e48a2"

unicode-canonical-property-names-ecmascript@^1.0.4:
  version "1.0.4"
  resolved "https://registry.npm.taobao.org/unicode-canonical-property-names-ecmascript/download/unicode-canonical-property-names-ecmascript-1.0.4.tgz#2619800c4c825800efdd8343af7dd9933cbe2818"

unicode-match-property-ecmascript@^1.0.4:
  version "1.0.4"
  resolved "https://registry.npm.taobao.org/unicode-match-property-ecmascript/download/unicode-match-property-ecmascript-1.0.4.tgz#8ed2a32569961bce9227d09cd3ffbb8fed5f020c"
  dependencies:
    unicode-canonical-property-names-ecmascript "^1.0.4"
    unicode-property-aliases-ecmascript "^1.0.4"

unicode-match-property-value-ecmascript@^1.1.0:
  version "1.1.0"
  resolved "https://registry.npm.taobao.org/unicode-match-property-value-ecmascript/download/unicode-match-property-value-ecmascript-1.1.0.tgz#5b4b426e08d13a80365e0d657ac7a6c1ec46a277"

unicode-property-aliases-ecmascript@^1.0.4:
  version "1.0.5"
  resolved "https://registry.npm.taobao.org/unicode-property-aliases-ecmascript/download/unicode-property-aliases-ecmascript-1.0.5.tgz#a9cc6cc7ce63a0a3023fc99e341b94431d405a57"

uri-js@^4.2.2:
  version "4.2.2"
  resolved "https://registry.npm.taobao.org/uri-js/download/uri-js-4.2.2.tgz#94c540e1ff772956e2299507c010aea6c8838eb0"
  dependencies:
    punycode "^2.1.0"

v8-compile-cache@^2.0.3:
  version "2.1.0"
  resolved "https://registry.npm.taobao.org/v8-compile-cache/download/v8-compile-cache-2.1.0.tgz#e14de37b31a6d194f5690d67efc4e7f6fc6ab30e"

which@^1.2.9:
  version "1.3.1"
  resolved "https://registry.npm.taobao.org/which/download/which-1.3.1.tgz?cache=0&sync_timestamp=1570145370228&other_urls=https%3A%2F%2Fregistry.npm.taobao.org%2Fwhich%2Fdownload%2Fwhich-1.3.1.tgz#a45043d54f5805316da8d62f9f50918d3da70b0a"
  dependencies:
    isexe "^2.0.0"

which@^2.0.1:
  version "2.0.1"
  resolved "https://registry.npm.taobao.org/which/download/which-2.0.1.tgz?cache=0&sync_timestamp=1570146137754&other_urls=https%3A%2F%2Fregistry.npm.taobao.org%2Fwhich%2Fdownload%2Fwhich-2.0.1.tgz#f1cf94d07a8e571b6ff006aeb91d0300c47ef0a4"
  dependencies:
    isexe "^2.0.0"

word-wrap@~1.2.3:
  version "1.2.3"
  resolved "https://registry.npm.taobao.org/word-wrap/download/word-wrap-1.2.3.tgz#610636f6b1f703891bd34771ccb17fb93b47079c"

wrappy@1:
  version "1.0.2"
  resolved "https://registry.npm.taobao.org/wrappy/download/wrappy-1.0.2.tgz#b5243d8f3ec1aa35f1364605bc0d1036e30ab69f"

write@1.0.3:
  version "1.0.3"
  resolved "https://registry.npm.taobao.org/write/download/write-1.0.3.tgz#0800e14523b923a387e415123c865616aae0f5c3"
  dependencies:
    mkdirp "^0.5.1"
